
Microsoft Visual Studio Solution File, Format Version 12.00
# Visual Studio Version 17
VisualStudioVersion = 17.10.34928.147
MinimumVisualStudioVersion = 10.0.40219.1
Project("{FAE04EC0-301F-11D3-BF4B-00C04F79EFBC}") = "Calculator 1", "Calculator 1\Calculator 1.csproj", "{B66BB18E-FBCA-477A-953E-22507C8FE8E6}"
EndProject
Project("{FAE04EC0-301F-11D3-BF4B-00C04F79EFBC}") = "Calc 2", "Calc 2\Calc 2.csproj", "{21615363-0FBB-47A9-8B8A-229BEA20BB41}"
EndProject
Global
	GlobalSection(SolutionConfigurationPlatforms) = preSolution
		Debug|Any CPU = Debug|Any CPU
		Release|Any CPU = Release|Any CPU
	EndGlobalSection
	GlobalSection(ProjectConfigurationPlatforms) = postSolution
		{B66BB18E-FBCA-477A-953E-22507C8FE8E6}.Debug|Any CPU.ActiveCfg = Debug|Any CPU
		{B66BB18E-FBCA-477A-953E-22507C8FE8E6}.Debug|Any CPU.Build.0 = Debug|Any CPU
		{B66BB18E-FBCA-477A-953E-22507C8FE8E6}.Release|Any CPU.ActiveCfg = Release|Any CPU
		{B66BB18E-FBCA-477A-953E-22507C8FE8E6}.Release|Any CPU.Build.0 = Release|Any CPU
		{21615363-0FBB-47A9-8B8A-229BEA20BB41}.Debug|Any CPU.ActiveCfg = Debug|Any CPU
		{21615363-0FBB-47A9-8B8A-229BEA20BB41}.Debug|Any CPU.Build.0 = Debug|Any CPU
		{21615363-0FBB-47A9-8B8A-229BEA20BB41}.Release|Any CPU.ActiveCfg = Release|Any CPU
		{21615363-0FBB-47A9-8B8A-229BEA20BB41}.Release|Any CPU.Build.0 = Release|Any CPU
	EndGlobalSection
	GlobalSection(SolutionProperties) = preSolution
		HideSolutionNode = FALSE
	EndGlobalSection
	GlobalSection(ExtensibilityGlobals) = postSolution
		SolutionGuid = {1786C31E-EDA0-4C57-8EDF-AC646B051E52}
	EndGlobalSection
EndGlobal
